
Microsoft Visual Studio Solution File, Format Version 12.00
# Visual Studio Version 17
VisualStudioVersion = 17.11.35222.181
MinimumVisualStudioVersion = 10.0.40219.1
Project("{FAE04EC0-301F-11D3-BF4B-00C04F79EFBC}") = "Space Invaders", "Space Invaders\Space Invaders.csproj", "{EB8C0C5C-695C-42E8-B7E5-0F2C3E1AA3F5}"
EndProject
Global
	GlobalSection(SolutionConfigurationPlatforms) = preSolution
		Debug|Any CPU = Debug|Any CPU
		Release|Any CPU = Release|Any CPU
	EndGlobalSection
	GlobalSection(ProjectConfigurationPlatforms) = postSolution
		{EB8C0C5C-695C-42E8-B7E5-0F2C3E1AA3F5}.Debug|Any CPU.ActiveCfg = Debug|Any CPU
		{EB8C0C5C-695C-42E8-B7E5-0F2C3E1AA3F5}.Debug|Any CPU.Build.0 = Debug|Any CPU
		{EB8C0C5C-695C-42E8-B7E5-0F2C3E1AA3F5}.Release|Any CPU.ActiveCfg = Release|Any CPU
		{EB8C0C5C-695C-42E8-B7E5-0F2C3E1AA3F5}.Release|Any CPU.Build.0 = Release|Any CPU
	EndGlobalSection
	GlobalSection(SolutionProperties) = preSolution
		HideSolutionNode = FALSE
	EndGlobalSection
	GlobalSection(ExtensibilityGlobals) = postSolution
		SolutionGuid = {7867C333-DB5B-48CA-AF21-0CFC7CF98105}
	EndGlobalSection
EndGlobal
